PODS:
  - Masonry (1.1.0)
  - QNRTCKit-iOS (6.3.0):
    - QNRTCKit-iOS/Core (= 6.3.0)
  - QNRTCKit-iOS/Core (6.3.0)

DEPENDENCIES:
  - Masonry (= 1.1.0)
  - QNRTCKit-iOS (from `../QNRTCKit-iOS.podspec`)

SPEC REPOS:
  trunk:
    - Masonry

EXTERNAL SOURCES:
  QNRTCKit-iOS:
    :path: "../QNRTCKit-iOS.podspec"

SPEC CHECKSUMS:
  Masonry: 678fab65091a9290e40e2832a55e7ab731aad201
  QNRTCKit-iOS: ef1601d9d9235f359c1b203181a194c944ff8292

PODFILE CHECKSUM: b3147ecd4abd7019b2811795ea4c7cf76955041a

COCOAPODS: 1.15.2
