PODS:
  - Bugsnag (5.15.4)
  - QNRTCKit (1.1.0)

DEPENDENCIES:
  - Bugsnag (= 5.15.4)
  - QNRTCKit (from `../QNRTCKit.podspec`)

SPEC REPOS:
  https://github.com/cocoapods/specs.git:
    - Bugsnag

EXTERNAL SOURCES:
  QNRTCKit:
    :path: "../QNRTCKit.podspec"

SPEC CHECKSUMS:
  Bugsnag: df1d395695ddf795aa35c23ef4eaef4a04ddcffd
  QNRTCKit: e749de4317a3e12927ce9ee478ca0a77249e07ce

PODFILE CHECKSUM: a3da902c30391294160165266837eb7a0701c1d7

COCOAPODS: 1.5.3
