PODS:
  - Bugsnag (5.15.4)
  - PLPlayerKit (3.3.2):
    - PLPlayerKit/iphoneos (= 3.3.2)
  - PLPlayerKit/iphoneos (3.3.2)
  - QNRTCKit (1.1.0)

DEPENDENCIES:
  - Bugsnag (= 5.15.4)
  - PLPlayerKit (= 3.3.2)
  - QNRTCKit (from `../QNRTCKit.podspec`)

SPEC REPOS:
  https://github.com/cocoapods/specs.git:
    - Bugsnag
    - PLPlayerKit

EXTERNAL SOURCES:
  QNRTCKit:
    :path: "../QNRTCKit.podspec"

SPEC CHECKSUMS:
  Bugsnag: df1d395695ddf795aa35c23ef4eaef4a04ddcffd
  PLPlayerKit: 70b3866a615de26030e9c81316f6807b1a8b1808
  QNRTCKit: e749de4317a3e12927ce9ee478ca0a77249e07ce

PODFILE CHECKSUM: 1a7ae61ccd85a1ad97a7822bd162161a76dbe2f9

COCOAPODS: 1.5.3
