PODS:
  - Bugsnag (5.15.4)
  - Crashlytics (3.9.3):
    - Fabric (~> 1.7.2)
  - Fabric (1.7.2)
  - JGProgressHUD (2.0.3)
  - Masonry (1.1.0)
  - MMMaterialDesignSpinner (0.2.5)
  - PLPlayerKit (3.4.3):
    - PLPlayerKit/iphoneos (= 3.4.3)
  - PLPlayerKit/iphoneos (3.4.3)
  - QNRTCKit-iOS (5.2.3):
    - QNRTCKit-iOS/Core (= 5.2.3)
  - QNRTCKit-iOS/Core (5.2.3)

DEPENDENCIES:
  - Bugsnag (= 5.15.4)
  - Crashlytics (= 3.9.3)
  - Fabric (= 1.7.2)
  - JGProgressHUD (= 2.0.3)
  - Masonry (= 1.1.0)
  - MMMaterialDesignSpinner (= 0.2.5)
  - PLPlayerKit (= 3.4.3)
  - QNRTCKit-iOS (from `../QNRTCKit-iOS.podspec`)

SPEC REPOS:
  trunk:
    - Bugsnag
    - Crashlytics
    - Fabric
    - JGProgressHUD
    - Masonry
    - MMMaterialDesignSpinner
    - PLPlayerKit

EXTERNAL SOURCES:
  QNRTCKit-iOS:
    :path: "../QNRTCKit-iOS.podspec"

SPEC CHECKSUMS:
  Bugsnag: df1d395695ddf795aa35c23ef4eaef4a04ddcffd
  Crashlytics: 4689af8a6a5befe1e0d2c7e72681805cc43eb7e4
  Fabric: e25cc44b28b9a4d8895cfc623834d3c01d2237df
  JGProgressHUD: 12b20a8f4ffe05258f8635c1ab92816e451f904d
  Masonry: 678fab65091a9290e40e2832a55e7ab731aad201
  MMMaterialDesignSpinner: a548042720c2e5f04212048483085d7942ac3e81
  PLPlayerKit: a44734dc78c1f8f9fb22c537fa1916612fa46b06
  QNRTCKit-iOS: 450ed4829b37111f98117ae99ce0e23d990e269b

PODFILE CHECKSUM: 81926db758f9a76f13f711e339cfab0126025066

COCOAPODS: 1.11.3
